uuid: 06a0af4a-8ea7-49cf-9555-e1c4062e03f3
langcode: en
status: true
dependencies:
  config:
    - contact.form.feedback
  module:
    - contact_block
  theme:
    - taoa
id: contactblock
theme: taoa
region: content
weight: 0
provider: null
plugin: contact_block
settings:
  id: contact_block
  label: 'Contact block'
  label_display: visible
  provider: contact_block
  contact_form: feedback
  form_display: default
visibility: {  }
